
Microsoft Visual Studio Solution File, Format Version 12.00
# Visual Studio 15
VisualStudioVersion = 15.0.27703.2035
MinimumVisualStudioVersion = 10.0.40219.1
Project("{9A19103F-16F7-4668-BE54-9A1E7A4F7556}") = "ConsoleUtils", "src\ConsoleUtils\ConsoleUtils.csproj", "{D682BC87-A22E-4EF2-A41F-B816DC42BFD8}"
EndProject
Project("{9A19103F-16F7-4668-BE54-9A1E7A4F7556}") = "ConsoleUtils.App", "src\ConsoleUtils.App\ConsoleUtils.App.csproj", "{50D773A8-465A-47B9-9D88-8E8C558B117A}"
EndProject
Global
	GlobalSection(SolutionConfigurationPlatforms) = preSolution
		Debug|Any CPU = Debug|Any CPU
		Release|Any CPU = Release|Any CPU
	EndGlobalSection
	GlobalSection(ProjectConfigurationPlatforms) = postSolution
		{D682BC87-A22E-4EF2-A41F-B816DC42BFD8}.Debug|Any CPU.ActiveCfg = Debug|Any CPU
		{D682BC87-A22E-4EF2-A41F-B816DC42BFD8}.Debug|Any CPU.Build.0 = Debug|Any CPU
		{D682BC87-A22E-4EF2-A41F-B816DC42BFD8}.Release|Any CPU.ActiveCfg = Release|Any CPU
		{D682BC87-A22E-4EF2-A41F-B816DC42BFD8}.Release|Any CPU.Build.0 = Release|Any CPU
		{50D773A8-465A-47B9-9D88-8E8C558B117A}.Debug|Any CPU.ActiveCfg = Debug|Any CPU
		{50D773A8-465A-47B9-9D88-8E8C558B117A}.Debug|Any CPU.Build.0 = Debug|Any CPU
		{50D773A8-465A-47B9-9D88-8E8C558B117A}.Release|Any CPU.ActiveCfg = Release|Any CPU
		{50D773A8-465A-47B9-9D88-8E8C558B117A}.Release|Any CPU.Build.0 = Release|Any CPU
	EndGlobalSection
	GlobalSection(SolutionProperties) = preSolution
		HideSolutionNode = FALSE
	EndGlobalSection
	GlobalSection(ExtensibilityGlobals) = postSolution
		SolutionGuid = {D4258BD3-1DD1-47BD-B347-B03A161128E4}
	EndGlobalSection
EndGlobal
